cloud.google.com/go v0.34.0/go.mod h1:aQUYkXzVsufM+DwF1aE+0xfcU+56JwCaLick0ClmMTw=
git.sr.ht/~sircmpwn/getopt v0.0.0-20190621174457-292febf82fd0 h1:gUeOEsT0mhoCKxKYJk8HeYtUZME686xs70eG2l80W5U=
git.sr.ht/~sircmpwn/getopt v0.0.0-20190621174457-292febf82fd0/go.mod h1:wMEGFFFNuPos7vHmWXfszqImLppbc0wEhh6JBfJIUgw=
git.sr.ht/~sircmpwn/pty v0.0.0-20190330154901-3a43678975a9 h1:WWPN5lf6KzXp3xWRrPQZ4MLR3yrFEI4Ysz7HSQ1G/yo=
git.sr.ht/~sircmpwn/pty v0.0.0-20190330154901-3a43678975a9/go.mod h1:8Jmcax8M9nYoEwBhVBhv2ixLRCoUqlbQPE95VpPu43I=
git.sr.ht/~sircmpwn/tcell v0.0.0-20190727161107-0abd73a30946 h1:DzupSsyjKJH4ACmEFZFyFT+nlHiX9s2j4WmAAWiPxro=
git.sr.ht/~sircmpwn/tcell v0.0.0-20190727161107-0abd73a30946/go.mod h1:Hjvr+Ofd+gLglo7RYKxxnzCBmev3BzsS67MebKS4zMM=
git.sr.ht/~sircmpwn/tcell v0.0.0-20190807054800-3fdb6bc01a50 h1:GEZXdK3vfsEGlRwlybiAvOnYLA4YKaVWxAQSn/BSkNw=
git.sr.ht/~sircmpwn/tcell v0.0.0-20190807054800-3fdb6bc01a50/go.mod h1:Hjvr+Ofd+gLglo7RYKxxnzCBmev3BzsS67MebKS4zMM=
github.com/DATA-DOG/go-sqlmock v1.3.3 h1:CWUqKXe0s8A2z6qCgkP4Kru7wC11YoAnoupUKFDnH08=
github.com/DATA-DOG/go-sqlmock v1.3.3/go.mod h1:f/Ixk793poVmq4qj/V1dPUg2JEAKC73Q5eFN3EC/SaM=
github.com/danwakefield/fnmatch v0.0.0-20160403171240-cbb64ac3d964 h1:y5HC9v93H5EPKqaS1UYVg1uYah5Xf51mBfIoWehClUQ=
github.com/danwakefield/fnmatch v0.0.0-20160403171240-cbb64ac3d964/go.mod h1:Xd9hchkHSWYkEqJwUGisez3G1QY8Ryz0sdWrLPMGjLk=
github.com/davecgh/go-spew v1.1.0 h1:ZDRjVQ15GmhC3fiQ8ni8+OwkZQO4DARzQgrnXU1Liz8=
github.com/davecgh/go-spew v1.1.0/go.mod h1:J7Y8YcW2NihsgmVo/mv3lAwl/skON4iLHjSsI+c5H38=
github.com/davecgh/go-spew v1.1.1 h1:vj9j/u1bqnvCEfJOwUhtlOARqs3+rkHYY13jYWTU97c=
github.com/davecgh/go-spew v1.1.1/go.mod h1:J7Y8YcW2NihsgmVo/mv3lAwl/skON4iLHjSsI+c5H38=
github.com/ddevault/go-libvterm v0.0.0-20190526194226-b7d861da3810 h1:VlHKuIrEvuGlED53TkovT4AVUjrqTyeCt3wiqw1OsFc=
github.com/ddevault/go-libvterm v0.0.0-20190526194226-b7d861da3810/go.mod h1:Ow1oE1Hr4xE7eWY2/Ih2kbcOyyXDH7G0XKv/I4yiCYs=
github.com/emersion/go-imap v1.0.0 h1:/7HHNiSOk13DErenBZaQfTBmUy+quc6X7s3RNnuVtUM=
github.com/emersion/go-imap v1.0.0/go.mod h1:MEiDDwwQFcZ+L45Pa68jNGv0qU9kbW+SJzwDpvSfX1s=
github.com/emersion/go-imap-idle v0.0.0-20190519112320-2704abd7050e h1:L7bswVJZcf2YHofgom49oFRwVqmBj/qZqDy9/SJpZMY=
github.com/emersion/go-imap-idle v0.0.0-20190519112320-2704abd7050e/go.mod h1:o14zPKCmEH5WC1vU5SdPoZGgNvQx7zzKSnxPQlobo78=
github.com/emersion/go-maildir v0.0.0-20190727102040-941194b0ac70 h1:aUiPu6/iCjcsnNe/WkhsnMOq7vPmkYo9kFaMX5FiNZU=
github.com/emersion/go-maildir v0.0.0-20190727102040-941194b0ac70/go.mod h1:I2j27lND/SRLgxROe50Vam81MSaqPFvJ0OHNnDZ7n84=
github.com/emersion/go-message v0.10.4-0.20190609165112-592ace5bc1ca/go.mod h1:3h+HsGTCFHmk4ngJ2IV/YPhdlaOcR6hcgqM3yca9v7c=
github.com/emersion/go-message v0.10.5 h1:fAtWeKPS30GGIABbketZdQgXTHIyjUt7OLnUONW4Meo=
github.com/emersion/go-message v0.10.5/go.mod h1:3h+HsGTCFHmk4ngJ2IV/YPhdlaOcR6hcgqM3yca9v7c=
github.com/emersion/go-sasl v0.0.0-20190520160400-47d427600317 h1:tYZxAY8nu3JJQKios9f27Sbvbkfm4XHXT476gVtszu0=
github.com/emersion/go-sasl v0.0.0-20190520160400-47d427600317/go.mod h1:G/dpzLu16WtQpBfQ/z3LYiYJn3ZhKSGWn83fyoyQe/k=
github.com/emersion/go-sasl v0.0.0-20190704090222-36b50694675c h1:Spm8jy+jWYG/Dn6ygbq/LBW/6M27kg59GK+FkKjexuw=
github.com/emersion/go-sasl v0.0.0-20190704090222-36b50694675c/go.mod h1:G/dpzLu16WtQpBfQ/z3LYiYJn3ZhKSGWn83fyoyQe/k=
github.com/emersion/go-smtp v0.11.2 h1:5PO2Kwsx+HXuytntCfMvcworC/iq45TPGkwjnaBZFSg=
github.com/emersion/go-smtp v0.11.2/go.mod h1:byi9Y32SuKwjTJt9DO2tTWYjtF3lEh154tE1AcaJQSY=
github.com/emersion/go-textwrapper v0.0.0-20160606182133-d0e65e56babe h1:40SWqY0zE3qCi6ZrtTf5OUdNm5lDnGnjRSq9GgmeTrg=
github.com/emersion/go-textwrapper v0.0.0-20160606182133-d0e65e56babe/go.mod h1:aqO8z8wPrjkscevZJFVE1wXJrLpC5LtJG7fqLOsPb2U=
github.com/fsnotify/fsnotify v1.4.7 h1:IXs+QLmnXW2CcXuY+8Mzv/fWEsPGWxqefPtCP5CnV9I=
github.com/fsnotify/fsnotify v1.4.7/go.mod h1:jwhsz4b93w/PPRr/qN1Yymfu8t87LnFCMoQvtojpjFo=
github.com/gdamore/encoding v1.0.0 h1:+7OoQ1Bc6eTm5niUzBa0Ctsh6JbMW6Ra+YNuAtDBdko=
github.com/gdamore/encoding v1.0.0/go.mod h1:alR0ol34c49FCSBLjhosxzcPHQbf2trDkoo5dl+VrEg=
github.com/go-ini/ini v1.44.0 h1:8+SRbfpRFlIunpSum4BEf1ClTtVjOgKzgBv9pHFkI6w=
github.com/go-ini/ini v1.44.0/go.mod h1:ByCAeIL28uOIIG0E3PJtZPDL8WnHpFKFOtgjp+3Ies8=
github.com/golang/protobuf v1.2.0/go.mod h1:6lQm79b+lXiMfvg/cZm0SGofjICqVBUtrP5yJMmIC1U=
github.com/golang/protobuf v1.3.1/go.mod h1:6lQm79b+lXiMfvg/cZm0SGofjICqVBUtrP5yJMmIC1U=
github.com/golang/protobuf v1.3.2 h1:6nsPYzhq5kReh6QImI3k5qWzO4PEbvbIW2cwSfR/6xs=
github.com/golang/protobuf v1.3.2/go.mod h1:6lQm79b+lXiMfvg/cZm0SGofjICqVBUtrP5yJMmIC1U=
github.com/google/shlex v0.0.0-20181106134648-c34317bd91bf h1:7+FW5aGwISbqUtkfmIpZJGRgNFg2ioYPvFaUxdqpDsg=
github.com/google/shlex v0.0.0-20181106134648-c34317bd91bf/go.mod h1:RpwtwJQFrIEPstU94h88MWPXP2ektJZ8cZ0YntAmXiE=
github.com/gopherjs/gopherjs v0.0.0-20181017120253-0766667cb4d1 h1:EGx4pi6eqNxGaHF6qqu48+N2wcFQ5qg5FXgOdqsJ5d8=
github.com/gopherjs/gopherjs v0.0.0-20181017120253-0766667cb4d1/go.mod h1:wJfORRmW1u3UXTncJ5qlYoELFm8eSnnEO6hX4iZ3EWY=
github.com/gopherjs/gopherjs v0.0.0-20190430165422-3e4dfb77656c h1:7lF+Vz0LqiRidnzC1Oq86fpX1q/iEv2KJdrCtttYjT4=
github.com/gopherjs/gopherjs v0.0.0-20190430165422-3e4dfb77656c/go.mod h1:wJfORRmW1u3UXTncJ5qlYoELFm8eSnnEO6hX4iZ3EWY=
github.com/jtolds/gls v4.20.0+incompatible h1:xdiiI2gbIgH/gLH7ADydsJ1uDOEzR8yvV7C0MuV77Wo=
github.com/jtolds/gls v4.20.0+incompatible/go.mod h1:QJZ7F/aHp+rZTRtaJ1ow/lLfFfVYBRgL+9YlvaHOwJU=
github.com/kyoh86/xdg v1.0.0 h1:TD1layQ0epNApNwGRblnQnT3S/2UH/gCQN1cmXWotvE=
github.com/kyoh86/xdg v1.0.0/go.mod h1:Z5mDqe0fxyxn3W2yTxsBAOQqIrXADQIh02wrTnaRM38=
github.com/lucasb-eyer/go-colorful v1.0.2 h1:mCMFu6PgSozg9tDNMMK3g18oJBX7oYGrC09mS6CXfO4=
github.com/lucasb-eyer/go-colorful v1.0.2/go.mod h1:0MS4r+7BZKSJ5mw4/S5MPN+qHFF1fYclkSPilDOKW0s=
github.com/martinlindhe/base36 v0.0.0-20190418230009-7c6542dfbb41 h1:CVsnY46BCLkX9XOhALJ/S7yb9ayc4eqjXSXO3tyB66A=
github.com/martinlindhe/base36 v0.0.0-20190418230009-7c6542dfbb41/go.mod h1:+AtEs8xrBpCeYgSLoY/aJ6Wf37jtBuR0s35750M27+8=
github.com/martinlindhe/base36 v1.0.0 h1:eYsumTah144C0A8P1T/AVSUk5ZoLnhfYFM3OGQxB52A=
github.com/martinlindhe/base36 v1.0.0/go.mod h1:+AtEs8xrBpCeYgSLoY/aJ6Wf37jtBuR0s35750M27+8=
github.com/mattn/go-isatty v0.0.8 h1:HLtExJ+uU2HOZ+wI0Tt5DtUDrx8yhUqDcp7fYERX4CE=
github.com/mattn/go-isatty v0.0.8/go.mod h1:Iq45c/XA43vh69/j3iqttzPXn0bhXyGjM0Hdxcsrc5s=
github.com/mattn/go-pointer v0.0.0-20180825124634-49522c3f3791 h1:PfHMsLQJwoc0ccjK0sam6J0wQo4s8mOuAo2yQGw+T2U=
github.com/mattn/go-pointer v0.0.0-20180825124634-49522c3f3791/go.mod h1:2zXcozF6qYGgmsG+SeTZz3oAbFLdD3OWqnUbNvJZAlc=
github.com/mattn/go-runewidth v0.0.4 h1:2BvfKmzob6Bmd4YsL0zygOqfdFnK7GR4QL06Do4/p7Y=
github.com/mattn/go-runewidth v0.0.4/go.mod h1:LwmH8dsx7+W8Uxz3IHJYH5QSwggIsqBzpuz5H//U1FU=
github.com/miolini/datacounter v0.0.0-20190724021726-aa48df3a02c1 h1:vbq5UJhjmsgqYSKuO2osfpQeKAi/rO8kAaCwZoxSamo=
github.com/miolini/datacounter v0.0.0-20190724021726-aa48df3a02c1/go.mod h1:P6fDJzlxN+cWYR09KbE9/ta+Y6JofX9tAUhJpWkWPaM=
github.com/mitchellh/go-homedir v1.1.0 h1:lukF9ziXFxDFPkA1vsr5zpc1XuPDn/wFntq5mG+4E0Y=
github.com/mitchellh/go-homedir v1.1.0/go.mod h1:SfyaCUpYCn1Vlf4IUYiD9fPX4A5wJrkLzIz1N1q0pr0=
github.com/pkg/errors v0.8.1 h1:iURUrRGxPUNPdy5/HRSm+Yj6okJ6UtLINN0Q9M4+h3I=
github.com/pkg/errors v0.8.1/go.mod h1:bwawxfHBFNV+L2hUp1rHADufV3IMtnDRdf1r5NINEl0=
github.com/pmezard/go-difflib v1.0.0 h1:4DBwDE0NGyQoBHbLQYPwSUPoCMWR5BEzIk/f1lZbAQM=
github.com/pmezard/go-difflib v1.0.0/go.mod h1:iKH77koFhYxTK1pcRnkKkqfTogsbg7gZNVY4sRDYZ/4=
github.com/riywo/loginshell v0.0.0-20190610082906-2ed199a032f6 h1:0QWE8TiOGSB+korydW5z4hPQ5QBVqLos+M2ta4pHaY0=
github.com/riywo/loginshell v0.0.0-20190610082906-2ed199a032f6/go.mod h1:/PfPXh0EntGc3QAAyUaviy4S9tzy4Zp0e2ilq4voC6E=
github.com/smartystreets/assertions v0.0.0-20180927180507-b2de0cb4f26d h1:zE9ykElWQ6/NYmHa3jpm/yHnI4xSofP+UP6SpjHcSeM=
github.com/smartystreets/assertions v0.0.0-20180927180507-b2de0cb4f26d/go.mod h1:OnSkiWE9lh6wB0YB77sQom3nweQdgAjqCqsofrRNTgc=
github.com/smartystreets/assertions v1.0.1 h1:voD4ITNjPL5jjBfgR/r8fPIIBrliWrWHeiJApdr3r4w=
github.com/smartystreets/assertions v1.0.1/go.mod h1:kHHU4qYBaI3q23Pp3VPrmWhuIUrLW/7eUrw0BU5VaoM=
github.com/smartystreets/goconvey v0.0.0-20190710185942-9d28bd7c0945 h1:N8Bg45zpk/UcpNGnfJt2y/3lRWASHNTUET8owPYCgYI=
github.com/smartystreets/goconvey v0.0.0-20190710185942-9d28bd7c0945/go.mod h1:syvi0/a8iFYH4r/RixwvyeAJjdLS9QV7WQ/tjFTllLA=
github.com/stretchr/objx v0.1.0/go.mod h1:HFkY916IF+rwdDfMAkV7OtwuqBVzrE8GR6GFx+wExME=
github.com/stretchr/testify v1.3.0 h1:TivCn/peBQ7UY8ooIcPgZFpTNSz0Q2U6UrFlUfqbe0Q=
github.com/stretchr/testify v1.3.0/go.mod h1:M5WIy9Dh21IEIfnGCwXGc5bZfKNJtfHm1UVUgZn+9EI=
github.com/zenhack/go.notmuch v0.0.0-20190726231123-3d59f87d986e h1:IeB1sn/RMq/o0PP7HNMNpTUHvvOZln9smuJXz1S7qJY=
github.com/zenhack/go.notmuch v0.0.0-20190726231123-3d59f87d986e/go.mod h1:zJtFvR3NinVdmBiLyB4MyXKmqyVfZEb2cK97ISfTgV8=
golang.org/x/crypto v0.0.0-20190308221718-c2843e01d9a2/go.mod h1:djNgcEr1/C05ACkg1iLfiJU5Ep61QUkGW8qpdssI0+w=
golang.org/x/crypto v0.0.0-20190605123033-f99c8df09eb5/go.mod h1:yigFU9vqHzYiE8UmvKecakEJjdnWj3jj499lnFckfCI=
golang.org/x/image v0.0.0-20190523035834-f03afa92d3ff/go.mod h1:kZ7UVZpmo3dzQBMxlp+ypCbDeSB+sBbTgSJuh5dn5js=
golang.org/x/net v0.0.0-20180724234803-3673e40ba225/go.mod h1:mL1N/T3taQHkDXs73rZJwtUhF3w3ftmwwsq0BUmARs4=
golang.org/x/net v0.0.0-20190108225652-1e06a53dbb7e/go.mod h1:mL1N/T3taQHkDXs73rZJwtUhF3w3ftmwwsq0BUmARs4=
golang.org/x/net v0.0.0-20190311183353-d8887717615a h1:oWX7TPOiFAMXLq8o0ikBYfCJVlRHBcsciT5bXOrH628=
golang.org/x/net v0.0.0-20190311183353-d8887717615a/go.mod h1:t9HGtf8HONx5eT2rtn7q6eTqICYqUVnKs3thJo3Qplg=
golang.org/x/net v0.0.0-20190404232315-eb5bcb51f2a3/go.mod h1:t9HGtf8HONx5eT2rtn7q6eTqICYqUVnKs3thJo3Qplg=
golang.org/x/net v0.0.0-20190603091049-60506f45cf65/go.mod h1:HSz+uSET+XFnRR8LxR5pz3Of3rY3CfYBVs4xY44aLks=
golang.org/x/net v0.0.0-20190724013045-ca1201d0de80 h1:Ao/3l156eZf2AW5wK8a7/smtodRU+gha3+BeqJ69lRk=
golang.org/x/net v0.0.0-20190724013045-ca1201d0de80/go.mod h1:z5CRVTTTmAJ677TzLLGU+0bjPO0LkuOLi4/5GtJWs/s=
golang.org/x/oauth2 v0.0.0-20190604053449-0f29369cfe45 h1:SVwTIAaPC2U/AvvLNZ2a7OVsmBpC8L5BlwK1whH3hm0=
golang.org/x/oauth2 v0.0.0-20190604053449-0f29369cfe45/go.mod h1:gOpvHmFTYa4IltrdGE7lF6nIHvwfUNPOp7c8zoXwtLw=
golang.org/x/sync v0.0.0-20181221193216-37e7f081c4d4/go.mod h1:RxMgew5VJxzue5/jJTE5uejpjVlOe/izrB70Jof72aM=
golang.org/x/sync v0.0.0-20190423024810-112230192c58/go.mod h1:RxMgew5VJxzue5/jJTE5uejpjVlOe/izrB70Jof72aM=
golang.org/x/sys v0.0.0-20190215142949-d0b11bdaac8a/go.mod h1:STP8DvDyc/dI5b8T5hshtkjS+E42TnysNCUPdjciGhY=
golang.org/x/sys v0.0.0-20190222072716-a9d3bda3a223/go.mod h1:STP8DvDyc/dI5b8T5hshtkjS+E42TnysNCUPdjciGhY=
golang.org/x/sys v0.0.0-20190412213103-97732733099d/go.mod h1:h1NjWce9XRLGQEsW7wpKNCjG9DtNlClVuFLEZdDNbEs=
golang.org/x/sys v0.0.0-20190606165138-5da285871e9c/go.mod h1:h1NjWce9XRLGQEsW7wpKNCjG9DtNlClVuFLEZdDNbEs=
golang.org/x/sys v0.0.0-20190626150813-e07cf5db2756/go.mod h1:h1NjWce9XRLGQEsW7wpKNCjG9DtNlClVuFLEZdDNbEs=
golang.org/x/sys v0.0.0-20190726091711-fc99dfbffb4e h1:D5TXcfTk7xF7hvieo4QErS3qqCB4teTffacDWr7CI+0=
golang.org/x/sys v0.0.0-20190726091711-fc99dfbffb4e/go.mod h1:h1NjWce9XRLGQEsW7wpKNCjG9DtNlClVuFLEZdDNbEs=
golang.org/x/text v0.3.0 h1:g61tztE5qeGQ89tm6NTjjM9VPIm088od1l6aSorWRWg=
golang.org/x/text v0.3.0/go.mod h1:NqM8EUOU14njkJ3fqMW+pc6Ldnwhi/IjpwHt7yyuwOQ=
golang.org/x/text v0.3.2 h1:tW2bmiBqwgJj/UpqtC8EpXEZVYOwU0yG4iWbprSVAcs=
golang.org/x/text v0.3.2/go.mod h1:bEr9sfX3Q8Zfm5fL9x+3itogRgK3+ptLWKqgva+5dAk=
golang.org/x/tools v0.0.0-20180917221912-90fa682c2a6e/go.mod h1:n7NCudcB/nEzxVGmLbDWY5pfWTLqBcC2KZ6jyYvM4mQ=
golang.org/x/tools v0.0.0-20190328211700-ab21143f2384/go.mod h1:LCzVGOaR6xXOjkQ3onu1FJEFr0SW1gC7cKk1uF8kGRs=
golang.org/x/tools v0.0.0-20190606124116-d0a3d012864b/go.mod h1:/rFqwRUd4F7ZHNgwSSTFct+R/Kf4OFW1sUzUTQQTgfc=
google.golang.org/appengine v1.4.0/go.mod h1:xpcJRLb0r/rnEns0DIKYYv+WjYCduHsrkT7/EB5XEv4=
google.golang.org/appengine v1.6.1 h1:QzqyMA1tlu6CgqCDUtU9V+ZKhLFT2dkJuANu5QaxI3I=
google.golang.org/appengine v1.6.1/go.mod h1:i06prIuMbXzDqacNJfV5OdTW448YApPu5ww/cMBSeb0=
gopkg.in/ini.v1 v1.44.0 h1:YRJzTUp0kSYWUVFF5XAbDFfyiqwsl0Vb9R8TVP5eRi0=
gopkg.in/ini.v1 v1.44.0/go.mod h1:pNLf8WUiyNEtQjuu5G5vTm06TEv9tsIgeAvK8hOrP4k=
